
Microsoft Visual Studio Solution File, Format Version 12.00
# Visual Studio Version 16
VisualStudioVersion = 16.0.30523.141
MinimumVisualStudioVersion = 10.0.40219.1
Project("{FAE04EC0-301F-11D3-BF4B-00C04F79EFBC}") = "DvrViewer", "DvrViewer\DvrViewer.csproj", "{5CA16E58-5DA1-44FA-A97D-7F3F419FDB0F}"
EndProject
Project("{FAE04EC0-301F-11D3-BF4B-00C04F79EFBC}") = "VideoOutputControl", "VideoOutputControl\VideoOutputControl.csproj", "{C99DAD2A-5583-4EC6-B795-7FFD78EADAC9}"
EndProject
Global
	GlobalSection(SolutionConfigurationPlatforms) = preSolution
		Debug|Any CPU = Debug|Any CPU
		Debug|x64 = Debug|x64
		Release|Any CPU = Release|Any CPU
		Release|x64 = Release|x64
	EndGlobalSection
	GlobalSection(ProjectConfigurationPlatforms) = postSolution
		{5CA16E58-5DA1-44FA-A97D-7F3F419FDB0F}.Debug|Any CPU.ActiveCfg = Debug|Any CPU
		{5CA16E58-5DA1-44FA-A97D-7F3F419FDB0F}.Debug|Any CPU.Build.0 = Debug|Any CPU
		{5CA16E58-5DA1-44FA-A97D-7F3F419FDB0F}.Debug|x64.ActiveCfg = Debug|x64
		{5CA16E58-5DA1-44FA-A97D-7F3F419FDB0F}.Debug|x64.Build.0 = Debug|x64
		{5CA16E58-5DA1-44FA-A97D-7F3F419FDB0F}.Release|Any CPU.ActiveCfg = Release|Any CPU
		{5CA16E58-5DA1-44FA-A97D-7F3F419FDB0F}.Release|Any CPU.Build.0 = Release|Any CPU
		{5CA16E58-5DA1-44FA-A97D-7F3F419FDB0F}.Release|x64.ActiveCfg = Release|x64
		{5CA16E58-5DA1-44FA-A97D-7F3F419FDB0F}.Release|x64.Build.0 = Release|x64
		{C99DAD2A-5583-4EC6-B795-7FFD78EADAC9}.Debug|Any CPU.ActiveCfg = Debug|Any CPU
		{C99DAD2A-5583-4EC6-B795-7FFD78EADAC9}.Debug|Any CPU.Build.0 = Debug|Any CPU
		{C99DAD2A-5583-4EC6-B795-7FFD78EADAC9}.Debug|x64.ActiveCfg = Debug|Any CPU
		{C99DAD2A-5583-4EC6-B795-7FFD78EADAC9}.Debug|x64.Build.0 = Debug|Any CPU
		{C99DAD2A-5583-4EC6-B795-7FFD78EADAC9}.Release|Any CPU.ActiveCfg = Release|Any CPU
		{C99DAD2A-5583-4EC6-B795-7FFD78EADAC9}.Release|Any CPU.Build.0 = Release|Any CPU
		{C99DAD2A-5583-4EC6-B795-7FFD78EADAC9}.Release|x64.ActiveCfg = Release|Any CPU
		{C99DAD2A-5583-4EC6-B795-7FFD78EADAC9}.Release|x64.Build.0 = Release|Any CPU
	EndGlobalSection
	GlobalSection(SolutionProperties) = preSolution
		HideSolutionNode = FALSE
	EndGlobalSection
	GlobalSection(ExtensibilityGlobals) = postSolution
		SolutionGuid = {3041DB60-705A-48A6-AB0A-56B6C5BABE78}
	EndGlobalSection
EndGlobal
